
Microsoft Visual Studio Solution File, Format Version 12.00
# Visual Studio Version 16
VisualStudioVersion = 16.0.29709.97
MinimumVisualStudioVersion = 10.0.40219.1
Project("{FAE04EC0-301F-11D3-BF4B-00C04F79EFBC}") = "StatePattern", "State Design Pattern\StatePattern.csproj", "{2C518DBD-B24B-4C62-AC55-6C0D55FF8BD2}"
EndProject
Project("{9A19103F-16F7-4668-BE54-9A1E7A4F7556}") = "StrategyPattern", "StrategyPattern\StrategyPattern.csproj", "{BEC7F45C-A8B3-4A35-A796-854AD20CC160}"
EndProject
Project("{2150E333-8FDC-42A3-9474-1A3956D46DE8}") = "MediatorPattern", "MediatorPattern", "{14D8D712-4D11-4047-B9E9-864077256050}"
EndProject
Project("{9A19103F-16F7-4668-BE54-9A1E7A4F7556}") = "ConsoleMediatorDemo", "ConsoleMediatorDemo\ConsoleMediatorDemo.csproj", "{DE87F493-F1D0-488B-988C-16569884BBD2}"
EndProject
Project("{9A19103F-16F7-4668-BE54-9A1E7A4F7556}") = "MarkerPositions", "MarkerPositions\MarkerPositions.csproj", "{B45A6471-8AE6-4161-83BC-CCA1BC40F185}"
EndProject
Project("{9A19103F-16F7-4668-BE54-9A1E7A4F7556}") = "MediatRDemo", "MediatRDemo\MediatRDemo.csproj", "{0915F1F8-679A-4182-8481-51B954F0DA96}"
EndProject
Project("{FAE04EC0-301F-11D3-BF4B-00C04F79EFBC}") = "SingletonPattern", "SingletonPattern\SingletonPattern.csproj", "{8C1162EC-02C0-42FB-BBF2-436963B6E899}"
EndProject
Global
	GlobalSection(SolutionConfigurationPlatforms) = preSolution
		Debug|Any CPU = Debug|Any CPU
		Release|Any CPU = Release|Any CPU
	EndGlobalSection
	GlobalSection(ProjectConfigurationPlatforms) = postSolution
		{2C518DBD-B24B-4C62-AC55-6C0D55FF8BD2}.Debug|Any CPU.ActiveCfg = Debug|Any CPU
		{2C518DBD-B24B-4C62-AC55-6C0D55FF8BD2}.Debug|Any CPU.Build.0 = Debug|Any CPU
		{2C518DBD-B24B-4C62-AC55-6C0D55FF8BD2}.Release|Any CPU.ActiveCfg = Release|Any CPU
		{2C518DBD-B24B-4C62-AC55-6C0D55FF8BD2}.Release|Any CPU.Build.0 = Release|Any CPU
		{BEC7F45C-A8B3-4A35-A796-854AD20CC160}.Debug|Any CPU.ActiveCfg = Debug|Any CPU
		{BEC7F45C-A8B3-4A35-A796-854AD20CC160}.Debug|Any CPU.Build.0 = Debug|Any CPU
		{BEC7F45C-A8B3-4A35-A796-854AD20CC160}.Release|Any CPU.ActiveCfg = Release|Any CPU
		{BEC7F45C-A8B3-4A35-A796-854AD20CC160}.Release|Any CPU.Build.0 = Release|Any CPU
		{DE87F493-F1D0-488B-988C-16569884BBD2}.Debug|Any CPU.ActiveCfg = Debug|Any CPU
		{DE87F493-F1D0-488B-988C-16569884BBD2}.Debug|Any CPU.Build.0 = Debug|Any CPU
		{DE87F493-F1D0-488B-988C-16569884BBD2}.Release|Any CPU.ActiveCfg = Release|Any CPU
		{DE87F493-F1D0-488B-988C-16569884BBD2}.Release|Any CPU.Build.0 = Release|Any CPU
		{B45A6471-8AE6-4161-83BC-CCA1BC40F185}.Debug|Any CPU.ActiveCfg = Debug|Any CPU
		{B45A6471-8AE6-4161-83BC-CCA1BC40F185}.Debug|Any CPU.Build.0 = Debug|Any CPU
		{B45A6471-8AE6-4161-83BC-CCA1BC40F185}.Release|Any CPU.ActiveCfg = Release|Any CPU
		{B45A6471-8AE6-4161-83BC-CCA1BC40F185}.Release|Any CPU.Build.0 = Release|Any CPU
		{0915F1F8-679A-4182-8481-51B954F0DA96}.Debug|Any CPU.ActiveCfg = Debug|Any CPU
		{0915F1F8-679A-4182-8481-51B954F0DA96}.Debug|Any CPU.Build.0 = Debug|Any CPU
		{0915F1F8-679A-4182-8481-51B954F0DA96}.Release|Any CPU.ActiveCfg = Release|Any CPU
		{0915F1F8-679A-4182-8481-51B954F0DA96}.Release|Any CPU.Build.0 = Release|Any CPU
		{8C1162EC-02C0-42FB-BBF2-436963B6E899}.Debug|Any CPU.ActiveCfg = Debug|Any CPU
		{8C1162EC-02C0-42FB-BBF2-436963B6E899}.Debug|Any CPU.Build.0 = Debug|Any CPU
		{8C1162EC-02C0-42FB-BBF2-436963B6E899}.Release|Any CPU.ActiveCfg = Release|Any CPU
		{8C1162EC-02C0-42FB-BBF2-436963B6E899}.Release|Any CPU.Build.0 = Release|Any CPU
	EndGlobalSection
	GlobalSection(SolutionProperties) = preSolution
		HideSolutionNode = FALSE
	EndGlobalSection
	GlobalSection(NestedProjects) = preSolution
		{DE87F493-F1D0-488B-988C-16569884BBD2} = {14D8D712-4D11-4047-B9E9-864077256050}
		{B45A6471-8AE6-4161-83BC-CCA1BC40F185} = {14D8D712-4D11-4047-B9E9-864077256050}
		{0915F1F8-679A-4182-8481-51B954F0DA96} = {14D8D712-4D11-4047-B9E9-864077256050}
	EndGlobalSection
	GlobalSection(ExtensibilityGlobals) = postSolution
		SolutionGuid = {8BDEF1AC-B2E8-4F5E-B1A5-176421FCBA68}
	EndGlobalSection
EndGlobal
